
Microsoft Visual Studio Solution File, Format Version 12.00
# Visual Studio Version 17
VisualStudioVersion = 17.8.34511.84
MinimumVisualStudioVersion = 10.0.40219.1
Project("{FAE04EC0-301F-11D3-BF4B-00C04F79EFBC}") = "Lookeach.Amin", "Lookeach.Amin.csproj", "{A79AA6D7-85A1-4122-814B-1490A1F46721}"
EndProject
Global
	GlobalSection(SolutionConfigurationPlatforms) = preSolution
		Debug|Any CPU = Debug|Any CPU
		Release|Any CPU = Release|Any CPU
	EndGlobalSection
	GlobalSection(ProjectConfigurationPlatforms) = postSolution
		{A79AA6D7-85A1-4122-814B-1490A1F46721}.Debug|Any CPU.ActiveCfg = Debug|Any CPU
		{A79AA6D7-85A1-4122-814B-1490A1F46721}.Debug|Any CPU.Build.0 = Debug|Any CPU
		{A79AA6D7-85A1-4122-814B-1490A1F46721}.Release|Any CPU.ActiveCfg = Release|Any CPU
		{A79AA6D7-85A1-4122-814B-1490A1F46721}.Release|Any CPU.Build.0 = Release|Any CPU
	EndGlobalSection
	GlobalSection(SolutionProperties) = preSolution
		HideSolutionNode = FALSE
	EndGlobalSection
	GlobalSection(ExtensibilityGlobals) = postSolution
		SolutionGuid = {208C8012-ED49-4DC5-84F3-81F7DFCCB6A4}
	EndGlobalSection
EndGlobal
